
Microsoft Visual Studio Solution File, Format Version 12.00
# Visual Studio Version 17
VisualStudioVersion = 17.8.34511.84
MinimumVisualStudioVersion = 10.0.40219.1
Project("{FAE04EC0-301F-11D3-BF4B-00C04F79EFBC}") = "JIRAManagementSystem", "JIRAManagementSystem.csproj", "{280422D8-2D33-4799-B3CF-ADF92CF6D0E7}"
EndProject
Global
	GlobalSection(SolutionConfigurationPlatforms) = preSolution
		Debug|Any CPU = Debug|Any CPU
		Release|Any CPU = Release|Any CPU
	EndGlobalSection
	GlobalSection(ProjectConfigurationPlatforms) = postSolution
		{280422D8-2D33-4799-B3CF-ADF92CF6D0E7}.Debug|Any CPU.ActiveCfg = Debug|Any CPU
		{280422D8-2D33-4799-B3CF-ADF92CF6D0E7}.Debug|Any CPU.Build.0 = Debug|Any CPU
		{280422D8-2D33-4799-B3CF-ADF92CF6D0E7}.Release|Any CPU.ActiveCfg = Release|Any CPU
		{280422D8-2D33-4799-B3CF-ADF92CF6D0E7}.Release|Any CPU.Build.0 = Release|Any CPU
	EndGlobalSection
	GlobalSection(SolutionProperties) = preSolution
		HideSolutionNode = FALSE
	EndGlobalSection
	GlobalSection(ExtensibilityGlobals) = postSolution
		SolutionGuid = {237FA144-B196-48FB-9695-CF2A13E5828B}
	EndGlobalSection
EndGlobal
